
Microsoft Visual Studio Solution File, Format Version 12.00
# Visual Studio Version 17
VisualStudioVersion = 17.7.34031.279
MinimumVisualStudioVersion = 10.0.40219.1
Project("{FAE04EC0-301F-11D3-BF4B-00C04F79EFBC}") = "TgyAspNetCoreApp.Web", "TgyAspNetCoreApp.Web\TgyAspNetCoreApp.Web.csproj", "{28C843F4-D8BF-4577-A2DA-E538FD773674}"
EndProject
Global
	GlobalSection(SolutionConfigurationPlatforms) = preSolution
		Debug|Any CPU = Debug|Any CPU
		Release|Any CPU = Release|Any CPU
	EndGlobalSection
	GlobalSection(ProjectConfigurationPlatforms) = postSolution
		{28C843F4-D8BF-4577-A2DA-E538FD773674}.Debug|Any CPU.ActiveCfg = Debug|Any CPU
		{28C843F4-D8BF-4577-A2DA-E538FD773674}.Debug|Any CPU.Build.0 = Debug|Any CPU
		{28C843F4-D8BF-4577-A2DA-E538FD773674}.Release|Any CPU.ActiveCfg = Release|Any CPU
		{28C843F4-D8BF-4577-A2DA-E538FD773674}.Release|Any CPU.Build.0 = Release|Any CPU
	EndGlobalSection
	GlobalSection(SolutionProperties) = preSolution
		HideSolutionNode = FALSE
	EndGlobalSection
	GlobalSection(ExtensibilityGlobals) = postSolution
		SolutionGuid = {C0944D59-54B2-4500-95A0-119C3E7DD272}
	EndGlobalSection
EndGlobal
